
Microsoft Visual Studio Solution File, Format Version 12.00
# Visual Studio Version 17
VisualStudioVersion = 17.14.36408.4 d17.14
MinimumVisualStudioVersion = 10.0.40219.1
Project("{FAE04EC0-301F-11D3-BF4B-00C04F79EFBC}") = "CreditBank", "CreditBank\CreditBank.csproj", "{0D277661-E28C-49E6-9045-9F1527E83BF1}"
EndProject
Project("{FAE04EC0-301F-11D3-BF4B-00C04F79EFBC}") = "CreditBank.Tests", "CreditBank.Tests\CreditBank.Tests.csproj", "{5E00AD55-1909-46F0-937D-4B44564EAE64}"
EndProject
Global
	GlobalSection(SolutionConfigurationPlatforms) = preSolution
		Debug|Any CPU = Debug|Any CPU
		Release|Any CPU = Release|Any CPU
	EndGlobalSection
	GlobalSection(ProjectConfigurationPlatforms) = postSolution
		{0D277661-E28C-49E6-9045-9F1527E83BF1}.Debug|Any CPU.ActiveCfg = Debug|Any CPU
		{0D277661-E28C-49E6-9045-9F1527E83BF1}.Debug|Any CPU.Build.0 = Debug|Any CPU
		{0D277661-E28C-49E6-9045-9F1527E83BF1}.Release|Any CPU.ActiveCfg = Release|Any CPU
		{0D277661-E28C-49E6-9045-9F1527E83BF1}.Release|Any CPU.Build.0 = Release|Any CPU
		{5E00AD55-1909-46F0-937D-4B44564EAE64}.Debug|Any CPU.ActiveCfg = Debug|Any CPU
		{5E00AD55-1909-46F0-937D-4B44564EAE64}.Debug|Any CPU.Build.0 = Debug|Any CPU
		{5E00AD55-1909-46F0-937D-4B44564EAE64}.Release|Any CPU.ActiveCfg = Release|Any CPU
		{5E00AD55-1909-46F0-937D-4B44564EAE64}.Release|Any CPU.Build.0 = Release|Any CPU
	EndGlobalSection
	GlobalSection(SolutionProperties) = preSolution
		HideSolutionNode = FALSE
	EndGlobalSection
	GlobalSection(ExtensibilityGlobals) = postSolution
		SolutionGuid = {55E7BAB9-1D1B-45A0-BF5C-DA346E688DC5}
	EndGlobalSection
EndGlobal
